schema: '2.0'
stages:
  generate_data:
    cmd: python src/data/data_aggregator.py
    deps:
    - path: src/data/data_aggregator.py
      hash: md5
      md5: 644b91843dce2b88f3f9de4c6c740e77
      size: 17477
    params:
      config/params.yaml:
        data_aggregator:
          segment_length: 100000
          band_fs:
            H: 40000000.0
            L: 10000000.0
          bui_map:
            '00000': background
            '10000': bebop
            '10001': bebop
            '10010': bebop
            '10011': bebop
            '10100': ar
            '10101': ar
            '10110': ar
            '10111': ar
            '11000': phantom
          label_map:
            background: 0
            bebop: 1
            ar: 2
            phantom: 3
          splits:
            val_frac: 0.1
            test_frac: 0.15
            random_seed: 42
    outs:
    - path: data/interim/dronerf.h5
      hash: md5
      md5: be15cb2915ef1444b67dc6b99694de2f
      size: 4634087134
    - path: data/interim/dronerf.meta.parquet
      hash: md5
      md5: a76a4290eae86bb86b9edeb732890b8f
      size: 492869
    - path: data/interim/dronerf_splits.json
      hash: md5
      md5: ee08c9dd9b9f6154dcd29933d9cddf26
      size: 590456
  featurize@H:
    cmd: python src/data/featurize.py --band H
    deps:
    - path: data/interim/dronerf.h5
      hash: md5
      md5: be15cb2915ef1444b67dc6b99694de2f
      size: 4634087134
    - path: src/data/featurize.py
      hash: md5
      md5: 9ce1ad31d8bb297f989313cf22a7ec91
      size: 14726
    params:
      config/params.yaml:
        featurize:
          band_fs:
            H: 40000000.0
            L: 10000000.0
          welch:
            nperseg: 1024
            noverlap: 768
            nfft: 1024
            window: hann
          stft:
            nperseg: 256
            noverlap: 192
    outs:
    - path: data/processed/H_meta.parquet
      hash: md5
      md5: 8507974e189e68563bca253ca8e37bf0
      size: 970985
    - path: data/processed/H_scalars.npz
      hash: md5
      md5: eb68f30a4a1a4a5cf7b5ea5bda2f416e
      size: 444554
  featurize@L:
    cmd: python src/data/featurize.py --band L
    deps:
    - path: data/interim/dronerf.h5
      hash: md5
      md5: be15cb2915ef1444b67dc6b99694de2f
      size: 4634087134
    - path: src/data/featurize.py
      hash: md5
      md5: 9ce1ad31d8bb297f989313cf22a7ec91
      size: 14726
    params:
      config/params.yaml:
        featurize:
          band_fs:
            H: 40000000.0
            L: 10000000.0
          welch:
            nperseg: 1024
            noverlap: 768
            nfft: 1024
            window: hann
          stft:
            nperseg: 256
            noverlap: 192
    outs:
    - path: data/processed/L_meta.parquet
      hash: md5
      md5: c172ee96bdf41db478769da5aad0f2b0
      size: 987404
    - path: data/processed/L_scalars.npz
      hash: md5
      md5: bfa2095e6244d7055f35e531923a62fd
      size: 458753
  train:
    cmd: python src/train/train.py
    deps:
    - path: data/interim/dronerf_splits.json
      hash: md5
      md5: ee08c9dd9b9f6154dcd29933d9cddf26
      size: 590456
    - path: data/processed/H_scalars.npz
      hash: md5
      md5: eb68f30a4a1a4a5cf7b5ea5bda2f416e
      size: 444554
    - path: data/processed/L_scalars.npz
      hash: md5
      md5: bfa2095e6244d7055f35e531923a62fd
      size: 458753
    - path: src/models/model.py
      hash: md5
      md5: 38b8f008dc0ed8bd2dfd542c12d00392
      size: 2884
    - path: src/train/train.py
      hash: md5
      md5: 24415c2fbe9980667b9d8718c76d19f1
      size: 14011
    params:
      config/params.yaml:
        train:
          mlflow_experiment: drone-detection
          mlflow_run_name: cnn1d-scalars
          registered_model_name: drone-cnn1d
          cnn1d:
            num_filters: 64
            kernel_size: 3
            dropout: 0.3
            lr: 0.001
            weight_decay: 0.0001
            batch_size: 256
            epochs: 50
    outs:
    - path: metrics/scores.json
      hash: md5
      md5: 177b00f1ee07156774b69a56aa848a44
      size: 409
    - path: models/model.onnx
      hash: md5
      md5: 626664b30d0a19d7ffe029094c8c0c0c
      size: 15508
    - path: models/model.pt
      hash: md5
      md5: 2cdede53dca741c7021424573529f593
      size: 343706
    - path: models/scaler.json
      hash: md5
      md5: ae8753ba6713a241843496b860fcb93b
      size: 439
  eval_onnx:
    cmd: python src/train/eval_onnx.py
    deps:
    - path: data/processed/H_scalars.npz
      hash: md5
      md5: eb68f30a4a1a4a5cf7b5ea5bda2f416e
      size: 444554
    - path: data/processed/L_scalars.npz
      hash: md5
      md5: bfa2095e6244d7055f35e531923a62fd
      size: 458753
    - path: models/model.onnx
      hash: md5
      md5: 626664b30d0a19d7ffe029094c8c0c0c
      size: 15508
    - path: models/scaler.json
      hash: md5
      md5: ae8753ba6713a241843496b860fcb93b
      size: 439
    - path: src/train/eval_onnx.py
      hash: md5
      md5: 8a73cb1e29633170ae2113505798afb8
      size: 6881
    outs:
    - path: metrics/onnx_scores.json
      hash: md5
      md5: 88692128190bf60c06c1b6a4ad57c9df
      size: 206
